Microsoft Visual Studio Solution File, Format Version 12.00
# Visual Studio Version 17
Project("{FAE04EC0-301F-11D3-BF4B-00C04F79EFBC}") = "RaidPad", "RaidPad\RaidPad.csproj", "{19C6D4C0-9D43-4884-A02D-DE227CDF52EE}"
EndProject
Global
	GlobalSection(SolutionConfigurationPlatforms) = preSolution
		Debug|Any CPU = Debug|Any CPU
		Release|Any CPU = Release|Any CPU
	EndGlobalSection
	GlobalSection(ProjectConfigurationPlatforms) = postSolution
		{19C6D4C0-9D43-4884-A02D-DE227CDF52EE}.Debug|Any CPU.ActiveCfg = Debug|Any CPU
		{19C6D4C0-9D43-4884-A02D-DE227CDF52EE}.Debug|Any CPU.Build.0 = Debug|Any CPU
		{19C6D4C0-9D43-4884-A02D-DE227CDF52EE}.Release|Any CPU.ActiveCfg = Release|Any CPU
		{19C6D4C0-9D43-4884-A02D-DE227CDF52EE}.Release|Any CPU.Build.0 = Release|Any CPU
	EndGlobalSection
	GlobalSection(SolutionProperties) = preSolution
		HideSolutionNode = FALSE
	EndGlobalSection
	GlobalSection(ExtensibilityGlobals) = postSolution
		SolutionGuid = {B0C6B583-067B-4FF6-A16E-711E4EA8BBFF}
	EndGlobalSection
EndGlobal